
Microsoft Visual Studio Solution File, Format Version 12.00
# Visual Studio Version 17
VisualStudioVersion = 17.3.32922.545
MinimumVisualStudioVersion = 10.0.40219.1
Project("{FAE04EC0-301F-11D3-BF4B-00C04F79EFBC}") = "PEA_WebAPI", "PEA_WebAPI.csproj", "{EDBA8408-0F1A-44EE-AAB2-9DC2707D9C11}"
EndProject
Global
	GlobalSection(SolutionConfigurationPlatforms) = preSolution
		Debug|Any CPU = Debug|Any CPU
		Release|Any CPU = Release|Any CPU
	EndGlobalSection
	GlobalSection(ProjectConfigurationPlatforms) = postSolution
		{EDBA8408-0F1A-44EE-AAB2-9DC2707D9C11}.Debug|Any CPU.ActiveCfg = Debug|Any CPU
		{EDBA8408-0F1A-44EE-AAB2-9DC2707D9C11}.Debug|Any CPU.Build.0 = Debug|Any CPU
		{EDBA8408-0F1A-44EE-AAB2-9DC2707D9C11}.Release|Any CPU.ActiveCfg = Release|Any CPU
		{EDBA8408-0F1A-44EE-AAB2-9DC2707D9C11}.Release|Any CPU.Build.0 = Release|Any CPU
	EndGlobalSection
	GlobalSection(SolutionProperties) = preSolution
		HideSolutionNode = FALSE
	EndGlobalSection
	GlobalSection(ExtensibilityGlobals) = postSolution
		SolutionGuid = {E6E443CF-1FF6-4AD6-B226-041E058A8417}
	EndGlobalSection
EndGlobal
